// !$*UTF8*$!
{
	archiveVersion = 1;
	classes = {
	};
	objectVersion = 56;
	objects = {

/* Begin PBXBuildFile section */
		362CF70576C6FA177EF338CE /* Pods_SwiftUI2.framework in Frameworks */ = {isa = PBXBuildFile; fileRef = C088E9B0CCD7E2DA6C30BBCB /* Pods_SwiftUI2.framework */; };
		58CF6ED629D51564002A435B /* TestNav.swift in Sources */ = {isa = PBXBuildFile; fileRef = 58CF6ED529D51564002A435B /* TestNav.swift */; };
		58CF6ED929D53869002A435B /* DonationJSON.swift in Sources */ = {isa = PBXBuildFile; fileRef = 58CF6ED829D53869002A435B /* DonationJSON.swift */; };
		58D0A40529D4DA5B00C6B5E4 /* SwiftUI2App.swift in Sources */ = {isa = PBXBuildFile; fileRef = 58D0A40429D4DA5B00C6B5E4 /* SwiftUI2App.swift */; };
		58D0A40729D4DA5B00C6B5E4 /* ContentView.swift in Sources */ = {isa = PBXBuildFile; fileRef = 58D0A40629D4DA5B00C6B5E4 /* ContentView.swift */; };
		58D0A40929D4DA5C00C6B5E4 /* Assets.xcassets in Resources */ = {isa = PBXBuildFile; fileRef = 58D0A40829D4DA5C00C6B5E4 /* Assets.xcassets */; };
		58D0A40C29D4DA5C00C6B5E4 /* Preview Assets.xcassets in Resources */ = {isa = PBXBuildFile; fileRef = 58D0A40B29D4DA5C00C6B5E4 /* Preview Assets.xcassets */; };
		58D0A40E29D4DA5C00C6B5E4 /* Persistence.swift in Sources */ = {isa = PBXBuildFile; fileRef = 58D0A40D29D4DA5C00C6B5E4 /* Persistence.swift */; };
		58D0A41129D4DA5C00C6B5E4 /* SwiftUI2.xcdatamodeld in Sources */ = {isa = PBXBuildFile; fileRef = 58D0A40F29D4DA5C00C6B5E4 /* SwiftUI2.xcdatamodeld */; };
		58D0A41929D4DC9A00C6B5E4 /* AddDonation.swift in Sources */ = {isa = PBXBuildFile; fileRef = 58D0A41829D4DC9A00C6B5E4 /* AddDonation.swift */; };
		58D0A41B29D4F5A300C6B5E4 /* UpdateDonation.swift in Sources */ = {isa = PBXBuildFile; fileRef = 58D0A41A29D4F5A300C6B5E4 /* UpdateDonation.swift */; };
		58D0A41D29D4F77000C6B5E4 /* CardDonationItem.swift in Sources */ = {isa = PBXBuildFile; fileRef = 58D0A41C29D4F77000C6B5E4 /* CardDonationItem.swift */; };
		58D0A41F29D4FB0800C6B5E4 /* ListDonations.swift in Sources */ = {isa = PBXBuildFile; fileRef = 58D0A41E29D4FB0800C6B5E4 /* ListDonations.swift */; };
/* End PBXBuildFile section */

/* Begin PBXFileReference section */
		58CF6ED529D51564002A435B /* TestNav.swift */ = {isa = PBXFileReference; lastKnownFileType = sourcecode.swift; path = TestNav.swift; sourceTree = "<group>"; };
		58CF6ED829D53869002A435B /* DonationJSON.swift */ = {isa = PBXFileReference; lastKnownFileType = sourcecode.swift; path = DonationJSON.swift; sourceTree = "<group>"; };
		58D0A40129D4DA5B00C6B5E4 /* SwiftUI2.app */ = {isa = PBXFileReference; explicitFileType = wrapper.application; includeInIndex = 0; path = SwiftUI2.app; sourceTree = BUILT_PRODUCTS_DIR; };
		58D0A40429D4DA5B00C6B5E4 /* SwiftUI2App.swift */ = {isa = PBXFileReference; lastKnownFileType = sourcecode.swift; path = SwiftUI2App.swift; sourceTree = "<group>"; };
		58D0A40629D4DA5B00C6B5E4 /* ContentView.swift */ = {isa = PBXFileReference; lastKnownFileType = sourcecode.swift; path = ContentView.swift; sourceTree = "<group>"; };
		58D0A40829D4DA5C00C6B5E4 /* Assets.xcassets */ = {isa = PBXFileReference; lastKnownFileType = folder.assetcatalog; path = Assets.xcassets; sourceTree = "<group>"; };
		58D0A40B29D4DA5C00C6B5E4 /* Preview Assets.xcassets */ = {isa = PBXFileReference; lastKnownFileType = folder.assetcatalog; path = "Preview Assets.xcassets"; sourceTree = "<group>"; };
		58D0A40D29D4DA5C00C6B5E4 /* Persistence.swift */ = {isa = PBXFileReference; lastKnownFileType = sourcecode.swift; path = Persistence.swift; sourceTree = "<group>"; };
		58D0A41029D4DA5C00C6B5E4 /* SwiftUI2.xcdatamodel */ = {isa = PBXFileReference; lastKnownFileType = wrapper.xcdatamodel; path = SwiftUI2.xcdatamodel; sourceTree = "<group>"; };
		58D0A41829D4DC9A00C6B5E4 /* AddDonation.swift */ = {isa = PBXFileReference; lastKnownFileType = sourcecode.swift; path = AddDonation.swift; sourceTree = "<group>"; };
		58D0A41A29D4F5A300C6B5E4 /* UpdateDonation.swift */ = {isa = PBXFileReference; lastKnownFileType = sourcecode.swift; path = UpdateDonation.swift; sourceTree = "<group>"; };
		58D0A41C29D4F77000C6B5E4 /* CardDonationItem.swift */ = {isa = PBXFileReference; lastKnownFileType = sourcecode.swift; path = CardDonationItem.swift; sourceTree = "<group>"; };
		58D0A41E29D4FB0800C6B5E4 /* ListDonations.swift */ = {isa = PBXFileReference; lastKnownFileType = sourcecode.swift; path = ListDonations.swift; sourceTree = "<group>"; };
		A8E62A75F2819065FB01FC85 /* Pods-SwiftUI2.debug.xcconfig */ = {isa = PBXFileReference; includeInIndex = 1; lastKnownFileType = text.xcconfig; name = "Pods-SwiftUI2.debug.xcconfig"; path = "Target Support Files/Pods-SwiftUI2/Pods-SwiftUI2.debug.xcconfig"; sourceTree = "<group>"; };
		C088E9B0CCD7E2DA6C30BBCB /* Pods_SwiftUI2.framework */ = {isa = PBXFileReference; explicitFileType = wrapper.framework; includeInIndex = 0; path = Pods_SwiftUI2.framework; sourceTree = BUILT_PRODUCTS_DIR; };
		CB92C8AAB52D5B51098E76AD /* Pods-SwiftUI2.release.xcconfig */ = {isa = PBXFileReference; includeInIndex = 1; lastKnownFileType = text.xcconfig; name = "Pods-SwiftUI2.release.xcconfig"; path = "Target Support Files/Pods-SwiftUI2/Pods-SwiftUI2.release.xcconfig"; sourceTree = "<group>"; };
/* End PBXFileReference section */

/* Begin PBXFrameworksBuildPhase section */
		58D0A3FE29D4DA5B00C6B5E4 /* Frameworks */ = {
			isa = PBXFrameworksBuildPhase;
			buildActionMask = 2147483647;
			files = (
				362CF70576C6FA177EF338CE /* Pods_SwiftUI2.framework in Frameworks */,
			);
			runOnlyForDeploymentPostprocessing = 0;
		};
/* End PBXFrameworksBuildPhase section */

/* Begin PBXGroup section */
		58CF6ED729D53855002A435B /* model */ = {
			isa = PBXGroup;
			children = (
				58CF6ED829D53869002A435B /* DonationJSON.swift */,
			);
			path = model;
			sourceTree = "<group>";
		};
		58D0A3F829D4DA5B00C6B5E4 = {
			isa = PBXGroup;
			children = (
				58D0A40329D4DA5B00C6B5E4 /* SwiftUI2 */,
				58D0A40229D4DA5B00C6B5E4 /* Products */,
				CECCB712D2BE11E4DC720952 /* Pods */,
				CE7A7B16718101B7FE6A5C5C /* Frameworks */,
			);
			sourceTree = "<group>";
		};
		58D0A40229D4DA5B00C6B5E4 /* Products */ = {
			isa = PBXGroup;
			children = (
				58D0A40129D4DA5B00C6B5E4 /* SwiftUI2.app */,
			);
			name = Products;
			sourceTree = "<group>";
		};
		58D0A40329D4DA5B00C6B5E4 /* SwiftUI2 */ = {
			isa = PBXGroup;
			children = (
				58CF6ED729D53855002A435B /* model */,
				58D0A41729D4DC7800C6B5E4 /* Views */,
				58D0A40429D4DA5B00C6B5E4 /* SwiftUI2App.swift */,
				58D0A40629D4DA5B00C6B5E4 /* ContentView.swift */,
				58D0A40829D4DA5C00C6B5E4 /* Assets.xcassets */,
				58D0A40D29D4DA5C00C6B5E4 /* Persistence.swift */,
				58D0A40F29D4DA5C00C6B5E4 /* SwiftUI2.xcdatamodeld */,
				58D0A40A29D4DA5C00C6B5E4 /* Preview Content */,
			);
			path = SwiftUI2;
			sourceTree = "<group>";
		};
		58D0A40A29D4DA5C00C6B5E4 /* Preview Content */ = {
			isa = PBXGroup;
			children = (
				58D0A40B29D4DA5C00C6B5E4 /* Preview Assets.xcassets */,
			);
			path = "Preview Content";
			sourceTree = "<group>";
		};
		58D0A41729D4DC7800C6B5E4 /* Views */ = {
			isa = PBXGroup;
			children = (
				58D0A41829D4DC9A00C6B5E4 /* AddDonation.swift */,
				58D0A41A29D4F5A300C6B5E4 /* UpdateDonation.swift */,
				58CF6ED529D51564002A435B /* TestNav.swift */,
				58D0A41C29D4F77000C6B5E4 /* CardDonationItem.swift */,
				58D0A41E29D4FB0800C6B5E4 /* ListDonations.swift */,
			);
			path = Views;
			sourceTree = "<group>";
		};
		CE7A7B16718101B7FE6A5C5C /* Frameworks */ = {
			isa = PBXGroup;
			children = (
				C088E9B0CCD7E2DA6C30BBCB /* Pods_SwiftUI2.framework */,
			);
			name = Frameworks;
			sourceTree = "<group>";
		};
		CECCB712D2BE11E4DC720952 /* Pods */ = {
			isa = PBXGroup;
			children = (
				A8E62A75F2819065FB01FC85 /* Pods-SwiftUI2.debug.xcconfig */,
				CB92C8AAB52D5B51098E76AD /* Pods-SwiftUI2.release.xcconfig */,
			);
			path = Pods;
			sourceTree = "<group>";
		};
/* End PBXGroup section */

/* Begin PBXNativeTarget section */
		58D0A40029D4DA5B00C6B5E4 /* SwiftUI2 */ = {
			isa = PBXNativeTarget;
			buildConfigurationList = 58D0A41429D4DA5C00C6B5E4 /* Build configuration list for PBXNativeTarget "SwiftUI2" */;
			buildPhases = (
				FA5E4C41F41268FB0F8940B7 /* [CP] Check Pods Manifest.lock */,
				58D0A3FD29D4DA5B00C6B5E4 /* Sources */,
				58D0A3FE29D4DA5B00C6B5E4 /* Frameworks */,
				58D0A3FF29D4DA5B00C6B5E4 /* Resources */,
				1F8D149AF5B60BBCEA9C4C58 /* [CP] Embed Pods Frameworks */,
			);
			buildRules = (
			);
			dependencies = (
			);
			name = SwiftUI2;
			productName = SwiftUI2;
			productReference = 58D0A40129D4DA5B00C6B5E4 /* SwiftUI2.app */;
			productType = "com.apple.product-type.application";
		};
/* End PBXNativeTarget section */

/* Begin PBXProject section */
		58D0A3F929D4DA5B00C6B5E4 /* Project object */ = {
			isa = PBXProject;
			attributes = {
				BuildIndependentTargetsInParallel = 1;
				LastSwiftUpdateCheck = 1410;
				LastUpgradeCheck = 1410;
				TargetAttributes = {
					58D0A40029D4DA5B00C6B5E4 = {
						CreatedOnToolsVersion = 14.1;
					};
				};
			};
			buildConfigurationList = 58D0A3FC29D4DA5B00C6B5E4 /* Build configuration list for PBXProject "SwiftUI2" */;
			compatibilityVersion = "Xcode 14.0";
			developmentRegion = en;
			hasScannedForEncodings = 0;
			knownRegions = (
				en,
				Base,
			);
			mainGroup = 58D0A3F829D4DA5B00C6B5E4;
			productRefGroup = 58D0A40229D4DA5B00C6B5E4 /* Products */;
			projectDirPath = "";
			projectRoot = "";
			targets = (
				58D0A40029D4DA5B00C6B5E4 /* SwiftUI2 */,
			);
		};
/* End PBXProject section */

/* Begin PBXResourcesBuildPhase section */
		58D0A3FF29D4DA5B00C6B5E4 /* Resources */ = {
			isa = PBXResourcesBuildPhase;
			buildActionMask = 2147483647;
			files = (
				58D0A40C29D4DA5C00C6B5E4 /* Preview Assets.xcassets in Resources */,
				58D0A40929D4DA5C00C6B5E4 /* Assets.xcassets in Resources */,
			);
			runOnlyForDeploymentPostprocessing = 0;
		};
/* End PBXResourcesBuildPhase section */

/* Begin PBXShellScriptBuildPhase section */
		1F8D149AF5B60BBCEA9C4C58 /* [CP] Embed Pods Frameworks */ = {
			isa = PBXShellScriptBuildPhase;
			buildActionMask = 2147483647;
			files = (
			);
			inputFileListPaths = (
				"${PODS_ROOT}/Target Support Files/Pods-SwiftUI2/Pods-SwiftUI2-frameworks-${CONFIGURATION}-input-files.xcfilelist",
			);
			name = "[CP] Embed Pods Frameworks";
			outputFileListPaths = (
				"${PODS_ROOT}/Target Support Files/Pods-SwiftUI2/Pods-SwiftUI2-frameworks-${CONFIGURATION}-output-files.xcfilelist",
			);
			runOnlyForDeploymentPostprocessing = 0;
			shellPath = /bin/sh;
			shellScript = "\"${PODS_ROOT}/Target Support Files/Pods-SwiftUI2/Pods-SwiftUI2-frameworks.sh\"\n";
			showEnvVarsInLog = 0;
		};
		FA5E4C41F41268FB0F8940B7 /* [CP] Check Pods Manifest.lock */ = {
			isa = PBXShellScriptBuildPhase;
			buildActionMask = 2147483647;
			files = (
			);
			inputFileListPaths = (
			);
			inputPaths = (
				"${PODS_PODFILE_DIR_PATH}/Podfile.lock",
				"${PODS_ROOT}/Manifest.lock",
			);
			name = "[CP] Check Pods Manifest.lock";
			outputFileListPaths = (
			);
			outputPaths = (
				"$(DERIVED_FILE_DIR)/Pods-SwiftUI2-checkManifestLockResult.txt",
			);
			runOnlyForDeploymentPostprocessing = 0;
			shellPath = /bin/sh;
			shellScript = "diff \"${PODS_PODFILE_DIR_PATH}/Podfile.lock\" \"${PODS_ROOT}/Manifest.lock\" > /dev/null\nif [ $? != 0 ] ; then\n    # print error to STDERR\n    echo \"error: The sandbox is not in sync with the Podfile.lock. Run 'pod install' or update your CocoaPods installation.\" >&2\n    exit 1\nfi\n# This output is used by Xcode 'outputs' to avoid re-running this script phase.\necho \"SUCCESS\" > \"${SCRIPT_OUTPUT_FILE_0}\"\n";
			showEnvVarsInLog = 0;
		};
/* End PBXShellScriptBuildPhase section */

/* Begin PBXSourcesBuildPhase section */
		58D0A3FD29D4DA5B00C6B5E4 /* Sources */ = {
			isa = PBXSourcesBuildPhase;
			buildActionMask = 2147483647;
			files = (
				58D0A41B29D4F5A300C6B5E4 /* UpdateDonation.swift in Sources */,
				58CF6ED629D51564002A435B /* TestNav.swift in Sources */,
				58D0A41F29D4FB0800C6B5E4 /* ListDonations.swift in Sources */,
				58D0A40E29D4DA5C00C6B5E4 /* Persistence.swift in Sources */,
				58D0A40729D4DA5B00C6B5E4 /* ContentView.swift in Sources */,
				58D0A41D29D4F77000C6B5E4 /* CardDonationItem.swift in Sources */,
				58D0A41129D4DA5C00C6B5E4 /* SwiftUI2.xcdatamodeld in Sources */,
				58CF6ED929D53869002A435B /* DonationJSON.swift in Sources */,
				58D0A41929D4DC9A00C6B5E4 /* AddDonation.swift in Sources */,
				58D0A40529D4DA5B00C6B5E4 /* SwiftUI2App.swift in Sources */,
			);
			runOnlyForDeploymentPostprocessing = 0;
		};
/* End PBXSourcesBuildPhase section */

/* Begin XCBuildConfiguration section */
		58D0A41229D4DA5C00C6B5E4 /* Debug */ = {
			isa = XCBuildConfiguration;
			buildSettings = {
				ALWAYS_SEARCH_USER_PATHS = NO;
				CLANG_ANALYZER_NONNULL = YES;
				CLANG_ANALYZER_NUMBER_OBJECT_CONVERSION = YES_AGGRESSIVE;
				CLANG_CXX_LANGUAGE_STANDARD = "gnu++20";
				CLANG_ENABLE_MODULES = YES;
				CLANG_ENABLE_OBJC_ARC = YES;
				CLANG_ENABLE_OBJC_WEAK = YES;
				CLANG_WARN_BLOCK_CAPTURE_AUTORELEASING = YES;
				CLANG_WARN_BOOL_CONVERSION = YES;
				CLANG_WARN_COMMA = YES;
				CLANG_WARN_CONSTANT_CONVERSION = YES;
				CLANG_WARN_DEPRECATED_OBJC_IMPLEMENTATIONS = YES;
				CLANG_WARN_DIRECT_OBJC_ISA_USAGE = YES_ERROR;
				CLANG_WARN_DOCUMENTATION_COMMENTS = YES;
				CLANG_WARN_EMPTY_BODY = YES;
				CLANG_WARN_ENUM_CONVERSION = YES;
				CLANG_WARN_INFINITE_RECURSION = YES;
				CLANG_WARN_INT_CONVERSION = YES;
				CLANG_WARN_NON_LITERAL_NULL_CONVERSION = YES;
				CLANG_WARN_OBJC_IMPLICIT_RETAIN_SELF = YES;
				CLANG_WARN_OBJC_LITERAL_CONVERSION = YES;
				CLANG_WARN_OBJC_ROOT_CLASS = YES_ERROR;
				CLANG_WARN_QUOTED_INCLUDE_IN_FRAMEWORK_HEADER = YES;
				CLANG_WARN_RANGE_LOOP_ANALYSIS = YES;
				CLANG_WARN_STRICT_PROTOTYPES = YES;
				CLANG_WARN_SUSPICIOUS_MOVE = YES;
				CLANG_WARN_UNGUARDED_AVAILABILITY = YES_AGGRESSIVE;
				CLANG_WARN_UNREACHABLE_CODE = YES;
				CLANG_WARN__DUPLICATE_METHOD_MATCH = YES;
				COPY_PHASE_STRIP = NO;
				DEBUG_INFORMATION_FORMAT = dwarf;
				ENABLE_STRICT_OBJC_MSGSEND = YES;
				ENABLE_TESTABILITY = YES;
				GCC_C_LANGUAGE_STANDARD = gnu11;
				GCC_DYNAMIC_NO_PIC = NO;
				GCC_NO_COMMON_BLOCKS = YES;
				GCC_OPTIMIZATION_LEVEL = 0;
				GCC_PREPROCESSOR_DEFINITIONS = (
					"DEBUG=1",
					"$(inherited)",
				);
				GCC_WARN_64_TO_32_BIT_CONVERSION = YES;
				GCC_WARN_ABOUT_RETURN_TYPE = YES_ERROR;
				GCC_WARN_UNDECLARED_SELECTOR = YES;
				GCC_WARN_UNINITIALIZED_AUTOS = YES_AGGRESSIVE;
				GCC_WARN_UNUSED_FUNCTION = YES;
				GCC_WARN_UNUSED_VARIABLE = YES;
				IPHONEOS_DEPLOYMENT_TARGET = 16.1;
				MTL_ENABLE_DEBUG_INFO = INCLUDE_SOURCE;
				MTL_FAST_MATH = YES;
				ONLY_ACTIVE_ARCH = YES;
				SDKROOT = iphoneos;
				SWIFT_ACTIVE_COMPILATION_CONDITIONS = DEBUG;
				SWIFT_OPTIMIZATION_LEVEL = "-Onone";
			};
			name = Debug;
		};
		58D0A41329D4DA5C00C6B5E4 /* Release */ = {
			isa = XCBuildConfiguration;
			buildSettings = {
				ALWAYS_SEARCH_USER_PATHS = NO;
				CLANG_ANALYZER_NONNULL = YES;
				CLANG_ANALYZER_NUMBER_OBJECT_CONVERSION = YES_AGGRESSIVE;
				CLANG_CXX_LANGUAGE_STANDARD = "gnu++20";
				CLANG_ENABLE_MODULES = YES;
				CLANG_ENABLE_OBJC_ARC = YES;
				CLANG_ENABLE_OBJC_WEAK = YES;
				CLANG_WARN_BLOCK_CAPTURE_AUTORELEASING = YES;
				CLANG_WARN_BOOL_CONVERSION = YES;
				CLANG_WARN_COMMA = YES;
				CLANG_WARN_CONSTANT_CONVERSION = YES;
				CLANG_WARN_DEPRECATED_OBJC_IMPLEMENTATIONS = YES;
				CLANG_WARN_DIRECT_OBJC_ISA_USAGE = YES_ERROR;
				CLANG_WARN_DOCUMENTATION_COMMENTS = YES;
				CLANG_WARN_EMPTY_BODY = YES;
				CLANG_WARN_ENUM_CONVERSION = YES;
				CLANG_WARN_INFINITE_RECURSION = YES;
				CLANG_WARN_INT_CONVERSION = YES;
				CLANG_WARN_NON_LITERAL_NULL_CONVERSION = YES;
				CLANG_WARN_OBJC_IMPLICIT_RETAIN_SELF = YES;
				CLANG_WARN_OBJC_LITERAL_CONVERSION = YES;
				CLANG_WARN_OBJC_ROOT_CLASS = YES_ERROR;
				CLANG_WARN_QUOTED_INCLUDE_IN_FRAMEWORK_HEADER = YES;
				CLANG_WARN_RANGE_LOOP_ANALYSIS = YES;
				CLANG_WARN_STRICT_PROTOTYPES = YES;
				CLANG_WARN_SUSPICIOUS_MOVE = YES;
				CLANG_WARN_UNGUARDED_AVAILABILITY = YES_AGGRESSIVE;
				CLANG_WARN_UNREACHABLE_CODE = YES;
				CLANG_WARN__DUPLICATE_METHOD_MATCH = YES;
				COPY_PHASE_STRIP = NO;
				DEBUG_INFORMATION_FORMAT = "dwarf-with-dsym";
				ENABLE_NS_ASSERTIONS = NO;
				ENABLE_STRICT_OBJC_MSGSEND = YES;
				GCC_C_LANGUAGE_STANDARD = gnu11;
				GCC_NO_COMMON_BLOCKS = YES;
				GCC_WARN_64_TO_32_BIT_CONVERSION = YES;
				GCC_WARN_ABOUT_RETURN_TYPE = YES_ERROR;
				GCC_WARN_UNDECLARED_SELECTOR = YES;
				GCC_WARN_UNINITIALIZED_AUTOS = YES_AGGRESSIVE;
				GCC_WARN_UNUSED_FUNCTION = YES;
				GCC_WARN_UNUSED_VARIABLE = YES;
				IPHONEOS_DEPLOYMENT_TARGET = 16.1;
				MTL_ENABLE_DEBUG_INFO = NO;
				MTL_FAST_MATH = YES;
				SDKROOT = iphoneos;
				SWIFT_COMPILATION_MODE = wholemodule;
				SWIFT_OPTIMIZATION_LEVEL = "-O";
				VALIDATE_PRODUCT = YES;
			};
			name = Release;
		};
		58D0A41529D4DA5C00C6B5E4 /* Debug */ = {
			isa = XCBuildConfiguration;
			baseConfigurationReference = A8E62A75F2819065FB01FC85 /* Pods-SwiftUI2.debug.xcconfig */;
			buildSettings = {
				ASSETCATALOG_COMPILER_APPICON_NAME = AppIcon;
				ASSETCATALOG_COMPILER_GLOBAL_ACCENT_COLOR_NAME = AccentColor;
				CODE_SIGN_STYLE = Automatic;
				CURRENT_PROJECT_VERSION = 1;
				DEVELOPMENT_ASSET_PATHS = "\"SwiftUI2/Preview Content\"";
				ENABLE_PREVIEWS = YES;
				GENERATE_INFOPLIST_FILE = YES;
				INFOPLIST_KEY_UIApplicationSceneManifest_Generation = YES;
				INFOPLIST_KEY_UIApplicationSupportsIndirectInputEvents = YES;
				INFOPLIST_KEY_UILaunchScreen_Generation = YES;
				INFOPLIST_KEY_UISupportedInterfaceOrientations_iPad = "UIInterfaceOrientationPortrait UIInterfaceOrientationPortraitUpsideDown UIInterfaceOrientationLandscapeLeft UIInterfaceOrientationLandscapeRight";
				INFOPLIST_KEY_UISupportedInterfaceOrientations_iPhone = "UIInterfaceOrientationPortrait UIInterfaceOrientationLandscapeLeft UIInterfaceOrientationLandscapeRight";
				LD_RUNPATH_SEARCH_PATHS = (
					"$(inherited)",
					"@executable_path/Frameworks",
				);
				MARKETING_VERSION = 1.0;
				PRODUCT_BUNDLE_IDENTIFIER = Amine.Yassine.SwiftUI2;
				PRODUCT_NAME = "$(TARGET_NAME)";
				SWIFT_EMIT_LOC_STRINGS = YES;
				SWIFT_VERSION = 5.0;
				TARGETED_DEVICE_FAMILY = "1,2";
			};
			name = Debug;
		};
		58D0A41629D4DA5C00C6B5E4 /* Release */ = {
			isa = XCBuildConfiguration;
			baseConfigurationReference = CB92C8AAB52D5B51098E76AD /* Pods-SwiftUI2.release.xcconfig */;
			buildSettings = {
				ASSETCATALOG_COMPILER_APPICON_NAME = AppIcon;
				ASSETCATALOG_COMPILER_GLOBAL_ACCENT_COLOR_NAME = AccentColor;
				CODE_SIGN_STYLE = Automatic;
				CURRENT_PROJECT_VERSION = 1;
				DEVELOPMENT_ASSET_PATHS = "\"SwiftUI2/Preview Content\"";
				ENABLE_PREVIEWS = YES;
				GENERATE_INFOPLIST_FILE = YES;
				INFOPLIST_KEY_UIApplicationSceneManifest_Generation = YES;
				INFOPLIST_KEY_UIApplicationSupportsIndirectInputEvents = YES;
				INFOPLIST_KEY_UILaunchScreen_Generation = YES;
				INFOPLIST_KEY_UISupportedInterfaceOrientations_iPad = "UIInterfaceOrientationPortrait UIInterfaceOrientationPortraitUpsideDown UIInterfaceOrientationLandscapeLeft UIInterfaceOrientationLandscapeRight";
				INFOPLIST_KEY_UISupportedInterfaceOrientations_iPhone = "UIInterfaceOrientationPortrait UIInterfaceOrientationLandscapeLeft UIInterfaceOrientationLandscapeRight";
				LD_RUNPATH_SEARCH_PATHS = (
					"$(inherited)",
					"@executable_path/Frameworks",
				);
				MARKETING_VERSION = 1.0;
				PRODUCT_BUNDLE_IDENTIFIER = Amine.Yassine.SwiftUI2;
				PRODUCT_NAME = "$(TARGET_NAME)";
				SWIFT_EMIT_LOC_STRINGS = YES;
				SWIFT_VERSION = 5.0;
				TARGETED_DEVICE_FAMILY = "1,2";
			};
			name = Release;
		};
/* End XCBuildConfiguration section */

/* Begin XCConfigurationList section */
		58D0A3FC29D4DA5B00C6B5E4 /* Build configuration list for PBXProject "SwiftUI2" */ = {
			isa = XCConfigurationList;
			buildConfigurations = (
				58D0A41229D4DA5C00C6B5E4 /* Debug */,
				58D0A41329D4DA5C00C6B5E4 /* Release */,
			);
			defaultConfigurationIsVisible = 0;
			defaultConfigurationName = Release;
		};
		58D0A41429D4DA5C00C6B5E4 /* Build configuration list for PBXNativeTarget "SwiftUI2" */ = {
			isa = XCConfigurationList;
			buildConfigurations = (
				58D0A41529D4DA5C00C6B5E4 /* Debug */,
				58D0A41629D4DA5C00C6B5E4 /* Release */,
			);
			defaultConfigurationIsVisible = 0;
			defaultConfigurationName = Release;
		};
/* End XCConfigurationList section */

/* Begin XCVersionGroup section */
		58D0A40F29D4DA5C00C6B5E4 /* SwiftUI2.xcdatamodeld */ = {
			isa = XCVersionGroup;
			children = (
				58D0A41029D4DA5C00C6B5E4 /* SwiftUI2.xcdatamodel */,
			);
			currentVersion = 58D0A41029D4DA5C00C6B5E4 /* SwiftUI2.xcdatamodel */;
			path = SwiftUI2.xcdatamodeld;
			sourceTree = "<group>";
			versionGroupType = wrapper.xcdatamodel;
		};
/* End XCVersionGroup section */
	};
	rootObject = 58D0A3F929D4DA5B00C6B5E4 /* Project object */;
}
