PODS:
  - Alamofire (5.6.4)
  - Starscream (4.0.4)
  - SwiftyJSON (5.0.1)

DEPENDENCIES:
  - Alamofire
  - Starscream
  - SwiftyJSON

SPEC REPOS:
  trunk:
    - Alamofire
    - Starscream
    - SwiftyJSON

SPEC CHECKSUMS:
  Alamofire: 4e95d97098eacb88856099c4fc79b526a299e48c
  Starscream: 5178aed56b316f13fa3bc55694e583d35dd414d9
  SwiftyJSON: 2f33a42c6fbc52764d96f13368585094bfd8aa5e

PODFILE CHECKSUM: b49c96a26c5e65a541c8a10d75a28ae6eb9a8687

COCOAPODS: 1.12.0
